
Microsoft Visual Studio Solution File, Format Version 12.00
# Visual Studio Version 17
VisualStudioVersion = 17.7.34221.43
MinimumVisualStudioVersion = 10.0.40219.1
Project("{FAE04EC0-301F-11D3-BF4B-00C04F79EFBC}") = "ConCovert2", "ConCovert2\ConCovert2.csproj", "{721EAFAC-63FE-494F-8A37-674263638C24}"
EndProject
Global
	GlobalSection(SolutionConfigurationPlatforms) = preSolution
		Debug|Any CPU = Debug|Any CPU
		Release|Any CPU = Release|Any CPU
	EndGlobalSection
	GlobalSection(ProjectConfigurationPlatforms) = postSolution
		{721EAFAC-63FE-494F-8A37-674263638C24}.Debug|Any CPU.ActiveCfg = Debug|Any CPU
		{721EAFAC-63FE-494F-8A37-674263638C24}.Debug|Any CPU.Build.0 = Debug|Any CPU
		{721EAFAC-63FE-494F-8A37-674263638C24}.Release|Any CPU.ActiveCfg = Release|Any CPU
		{721EAFAC-63FE-494F-8A37-674263638C24}.Release|Any CPU.Build.0 = Release|Any CPU
	EndGlobalSection
	GlobalSection(SolutionProperties) = preSolution
		HideSolutionNode = FALSE
	EndGlobalSection
	GlobalSection(ExtensibilityGlobals) = postSolution
		SolutionGuid = {494A394F-48EE-4B26-B4EB-861B6643D9D1}
	EndGlobalSection
EndGlobal
